
Microsoft Visual Studio Solution File, Format Version 11.00
# Visual Studio 2010
# SharpDevelop 4.4
Project("{FAE04EC0-301F-11D3-BF4B-00C04F79EFBC}") = "practica3", "practica3.csproj", "{469C383E-2869-4782-877F-D21F5A2CB725}"
EndProject
Global
	GlobalSection(SolutionConfigurationPlatforms) = preSolution
		Debug|Any CPU = Debug|Any CPU
		Release|Any CPU = Release|Any CPU
	EndGlobalSection
	GlobalSection(ProjectConfigurationPlatforms) = postSolution
		{469C383E-2869-4782-877F-D21F5A2CB725}.Debug|Any CPU.Build.0 = Debug|Any CPU
		{469C383E-2869-4782-877F-D21F5A2CB725}.Debug|Any CPU.ActiveCfg = Debug|Any CPU
		{469C383E-2869-4782-877F-D21F5A2CB725}.Release|Any CPU.Build.0 = Release|Any CPU
		{469C383E-2869-4782-877F-D21F5A2CB725}.Release|Any CPU.ActiveCfg = Release|Any CPU
	EndGlobalSection
EndGlobal
